{
  "version": 4,
  "terraform_version": "1.3.9",
  "serial": 607,
  "lineage": "6d037add-fcaa-0033-b1f1-3e6e3bcc6636",
  "outputs": {},
  "resources": [
    {
      "mode": "data",
      "type": "aws_caller_identity",
      "name": "current",
      "provider": "provider[\"registry.terraform.io/hashicorp/aws\"]",
      "instances": [
        {
          "schema_version": 0,
          "attributes": {
            "account_id": "565551828419",
            "arn": "arn:aws:sts::565551828419:assumed-role/Admin/smlozano-Isengard",
            "id": "565551828419",
            "user_id": "AROAYHLMEBXB3PWFZEWQJ:smlozano-Isengard"
          },
          "sensitive_attributes": []
        }
      ]
    },
    {
      "module": "module.cm-cloudfront",
      "mode": "managed",
      "type": "aws_cloudfront_distribution",
      "name": "frontend",
      "provider": "provider[\"registry.terraform.io/hashicorp/aws\"]",
      "instances": [
        {
          "schema_version": 1,
          "attributes": {
            "aliases": [
              "web.smlozano.people.aws.dev"
            ],
            "arn": "arn:aws:cloudfront::565551828419:distribution/E37ACQO9UXI3MK",
            "caller_reference": "terraform-20230405152932010400000002",
            "comment": null,
            "custom_error_response": [],
            "default_cache_behavior": [
              {
                "allowed_methods": [
                  "DELETE",
                  "GET",
                  "HEAD",
                  "OPTIONS",
                  "PATCH",
                  "POST",
                  "PUT"
                ],
                "cache_policy_id": "",
                "cached_methods": [
                  "GET",
                  "HEAD"
                ],
                "compress": false,
                "default_ttl": 3600,
                "field_level_encryption_id": "",
                "forwarded_values": [
                  {
                    "cookies": [
                      {
                        "forward": "none",
                        "whitelisted_names": []
                      }
                    ],
                    "headers": [],
                    "query_string": false,
                    "query_string_cache_keys": []
                  }
                ],
                "function_association": [],
                "lambda_function_association": [],
                "max_ttl": 86400,
                "min_ttl": 0,
                "origin_request_policy_id": "",
                "realtime_log_config_arn": "",
                "response_headers_policy_id": "",
                "smooth_streaming": false,
                "target_origin_id": "S3-smlozano.people.aws.dev",
                "trusted_key_groups": [],
                "trusted_signers": [],
                "viewer_protocol_policy": "redirect-to-https"
              }
            ],
            "default_root_object": "index.html",
            "domain_name": "d1nrdckcuor39v.cloudfront.net",
            "enabled": true,
            "etag": "E18KHHYHC12DCG",
            "hosted_zone_id": "Z2FDTNDATAQYW2",
            "http_version": "http2",
            "id": "E37ACQO9UXI3MK",
            "in_progress_validation_batches": 0,
            "is_ipv6_enabled": false,
            "last_modified_time": "2023-04-05 15:29:32.178 +0000 UTC",
            "logging_config": [],
            "ordered_cache_behavior": [],
            "origin": [
              {
                "connection_attempts": 3,
                "connection_timeout": 10,
                "custom_header": [],
                "custom_origin_config": [],
                "domain_name": "565551828419-webapp.s3.amazonaws.com",
                "origin_access_control_id": "",
                "origin_id": "S3-smlozano.people.aws.dev",
                "origin_path": "",
                "origin_shield": [],
                "s3_origin_config": [
                  {
                    "origin_access_identity": "origin-access-identity/cloudfront/E20ROKLU9G6KNM"
                  }
                ]
              }
            ],
            "origin_group": [],
            "price_class": "PriceClass_200",
            "restrictions": [
              {
                "geo_restriction": [
                  {
                    "locations": [],
                    "restriction_type": "none"
                  }
                ]
              }
            ],
            "retain_on_delete": false,
            "status": "Deployed",
            "tags": null,
            "tags_all": {},
            "trusted_key_groups": [
              {
                "enabled": false,
                "items": []
              }
            ],
            "trusted_signers": [
              {
                "enabled": false,
                "items": []
              }
            ],
            "viewer_certificate": [
              {
                "acm_certificate_arn": "arn:aws:acm:us-east-1:565551828419:certificate/c16e330b-ffbb-4aa3-af98-b39bf4bb3adb",
                "cloudfront_default_certificate": false,
                "iam_certificate_id": "",
                "minimum_protocol_version": "TLSv1",
                "ssl_support_method": "sni-only"
              }
            ],
            "wait_for_deployment": true,
            "web_acl_id": ""
          },
          "sensitive_attributes": [],
          "private": "eyJzY2hlbWFfdmVyc2lvbiI6IjEifQ==",
          "dependencies": [
            "data.aws_caller_identity.current",
            "module.cm-cloudfront.aws_cloudfront_origin_access_identity.oai",
            "module.cm-s3.aws_s3_bucket.frontend"
          ]
        }
      ]
    },
    {
      "module": "module.cm-cloudfront",
      "mode": "managed",
      "type": "aws_cloudfront_origin_access_identity",
      "name": "oai",
      "provider": "provider[\"registry.terraform.io/hashicorp/aws\"]",
      "instances": [
        {
          "schema_version": 0,
          "attributes": {
            "caller_reference": "terraform-20230405152929375800000001",
            "cloudfront_access_identity_path": "origin-access-identity/cloudfront/E20ROKLU9G6KNM",
            "comment": "Token for restricted access",
            "etag": "E48AGW5C4O8AT",
            "iam_arn": "arn:aws:iam::cloudfront:user/CloudFront Origin Access Identity E20ROKLU9G6KNM",
            "id": "E20ROKLU9G6KNM",
            "s3_canonical_user_id": "40ef79a35391ef413bc3aee8f9ace1e1e1c09a3f2d17fd9c9963cbaae22a94c80a90ffd6a973e80a3c48542c059f245c"
          },
          "sensitive_attributes": [],
          "private": "bnVsbA=="
        }
      ]
    },
    {
      "module": "module.cm-kms",
      "mode": "data",
      "type": "aws_caller_identity",
      "name": "current",
      "provider": "provider[\"registry.terraform.io/hashicorp/aws\"]",
      "instances": [
        {
          "schema_version": 0,
          "attributes": {
            "account_id": "565551828419",
            "arn": "arn:aws:sts::565551828419:assumed-role/Admin/smlozano-Isengard",
            "id": "565551828419",
            "user_id": "AROAYHLMEBXB3PWFZEWQJ:smlozano-Isengard"
          },
          "sensitive_attributes": []
        }
      ]
    },
    {
      "module": "module.cm-kms",
      "mode": "managed",
      "type": "aws_s3_bucket_server_side_encryption_configuration",
      "name": "s3_bucket_kms",
      "provider": "provider[\"registry.terraform.io/hashicorp/aws\"]",
      "instances": [
        {
          "schema_version": 0,
          "attributes": {
            "bucket": "565551828419-webapp",
            "expected_bucket_owner": "",
            "id": "565551828419-webapp",
            "rule": [
              {
                "apply_server_side_encryption_by_default": [
                  {
                    "kms_master_key_id": "arn:aws:kms:us-east-1:565551828419:key/19d16c60-716e-4885-8872-b7f204a608d6",
                    "sse_algorithm": "aws:kms"
                  }
                ],
                "bucket_key_enabled": null
              }
            ]
          },
          "sensitive_attributes": [],
          "private": "bnVsbA==",
          "dependencies": [
            "data.aws_caller_identity.current",
            "module.cm-s3.aws_s3_bucket.frontend"
          ]
        }
      ]
    },
    {
      "module": "module.cm-kms",
      "mode": "managed",
      "type": "aws_s3_bucket_server_side_encryption_configuration",
      "name": "s3_log_bucket_kms",
      "provider": "provider[\"registry.terraform.io/hashicorp/aws\"]",
      "instances": [
        {
          "schema_version": 0,
          "attributes": {
            "bucket": "565551828419-webapp-logging",
            "expected_bucket_owner": "",
            "id": "565551828419-webapp-logging",
            "rule": [
              {
                "apply_server_side_encryption_by_default": [
                  {
                    "kms_master_key_id": "arn:aws:kms:us-east-1:565551828419:key/4f7c1da4-b302-4a4d-81fa-0ecb3bffddcf",
                    "sse_algorithm": "aws:kms"
                  }
                ],
                "bucket_key_enabled": null
              }
            ]
          },
          "sensitive_attributes": [],
          "private": "bnVsbA==",
          "dependencies": [
            "data.aws_caller_identity.current",
            "module.cm-s3-logging.aws_s3_bucket.log_bucket"
          ]
        }
      ]
    },
    {
      "module": "module.cm-route53",
      "mode": "data",
      "type": "aws_route53_zone",
      "name": "selected",
      "provider": "provider[\"registry.terraform.io/hashicorp/aws\"]",
      "instances": [
        {
          "schema_version": 0,
          "attributes": {
            "arn": "arn:aws:route53:::hostedzone/Z0531815A0GWHDXZW6Y5",
            "caller_reference": "886819ac-abaf-419d-a9ef-3ead3ec3ee72",
            "comment": "",
            "id": "Z0531815A0GWHDXZW6Y5",
            "linked_service_description": null,
            "linked_service_principal": null,
            "name": "smlozano.people.aws.dev",
            "name_servers": [
              "ns-1532.awsdns-63.org",
              "ns-904.awsdns-49.net",
              "ns-1777.awsdns-30.co.uk",
              "ns-404.awsdns-50.com"
            ],
            "primary_name_server": "ns-1532.awsdns-63.org",
            "private_zone": false,
            "resource_record_set_count": 3,
            "tags": {},
            "vpc_id": null,
            "zone_id": "Z0531815A0GWHDXZW6Y5"
          },
          "sensitive_attributes": []
        }
      ]
    },
    {
      "module": "module.cm-route53",
      "mode": "managed",
      "type": "aws_route53_record",
      "name": "webapp",
      "provider": "provider[\"registry.terraform.io/hashicorp/aws\"]",
      "instances": [
        {
          "schema_version": 2,
          "attributes": {
            "alias": [
              {
                "evaluate_target_health": true,
                "name": "d1nrdckcuor39v.cloudfront.net",
                "zone_id": "Z2FDTNDATAQYW2"
              }
            ],
            "allow_overwrite": null,
            "cidr_routing_policy": [],
            "failover_routing_policy": [],
            "fqdn": "web.smlozano.people.aws.dev",
            "geolocation_routing_policy": [],
            "health_check_id": "",
            "id": "Z0531815A0GWHDXZW6Y5_web.smlozano.people.aws.dev_A",
            "latency_routing_policy": [],
            "multivalue_answer_routing_policy": false,
            "name": "web.smlozano.people.aws.dev",
            "records": null,
            "set_identifier": "",
            "ttl": 0,
            "type": "A",
            "weighted_routing_policy": [],
            "zone_id": "Z0531815A0GWHDXZW6Y5"
          },
          "sensitive_attributes": [],
          "private": "eyJzY2hlbWFfdmVyc2lvbiI6IjIifQ==",
          "dependencies": [
            "data.aws_caller_identity.current",
            "module.cm-cloudfront.aws_cloudfront_distribution.frontend",
            "module.cm-cloudfront.aws_cloudfront_origin_access_identity.oai",
            "module.cm-route53.data.aws_route53_zone.selected",
            "module.cm-s3.aws_s3_bucket.frontend"
          ]
        }
      ]
    },
    {
      "module": "module.cm-s3",
      "mode": "data",
      "type": "aws_iam_policy_document",
      "name": "frontend",
      "provider": "provider[\"registry.terraform.io/hashicorp/aws\"]",
      "instances": [
        {
          "schema_version": 0,
          "attributes": {
            "id": "3927513664",
            "json": "{\n  \"Version\": \"2012-10-17\",\n  \"Statement\": [\n    {\n      \"Sid\": \"CloudFront\",\n      \"Effect\": \"Allow\",\n      \"Action\": \"s3:GetObject\",\n      \"Resource\": \"arn:aws:s3:::565551828419-webapp/*\",\n      \"Principal\": {\n        \"AWS\": \"arn:aws:iam::cloudfront:user/CloudFront Origin Access Identity E20ROKLU9G6KNM\"\n      }\n    }\n  ]\n}",
            "override_json": null,
            "override_policy_documents": null,
            "policy_id": null,
            "source_json": null,
            "source_policy_documents": null,
            "statement": [
              {
                "actions": [
                  "s3:GetObject"
                ],
                "condition": [],
                "effect": "Allow",
                "not_actions": [],
                "not_principals": [],
                "not_resources": [],
                "principals": [
                  {
                    "identifiers": [
                      "arn:aws:iam::cloudfront:user/CloudFront Origin Access Identity E20ROKLU9G6KNM"
                    ],
                    "type": "AWS"
                  }
                ],
                "resources": [
                  "arn:aws:s3:::565551828419-webapp/*"
                ],
                "sid": "CloudFront"
              }
            ],
            "version": "2012-10-17"
          },
          "sensitive_attributes": []
        }
      ]
    },
    {
      "module": "module.cm-s3",
      "mode": "managed",
      "type": "aws_s3_bucket",
      "name": "frontend",
      "provider": "provider[\"registry.terraform.io/hashicorp/aws\"]",
      "instances": [
        {
          "schema_version": 0,
          "attributes": {
            "acceleration_status": "",
            "acl": null,
            "arn": "arn:aws:s3:::565551828419-webapp",
            "bucket": "565551828419-webapp",
            "bucket_domain_name": "565551828419-webapp.s3.amazonaws.com",
            "bucket_prefix": null,
            "bucket_regional_domain_name": "565551828419-webapp.s3.amazonaws.com",
            "cors_rule": [],
            "force_destroy": true,
            "grant": [
              {
                "id": "85c0612cfa65c7736e2670d7f3141bc30833d2de69690c7c7a2b07771d26194d",
                "permissions": [
                  "FULL_CONTROL"
                ],
                "type": "CanonicalUser",
                "uri": ""
              }
            ],
            "hosted_zone_id": "Z3AQBSTGFYJSTF",
            "id": "565551828419-webapp",
            "lifecycle_rule": [],
            "logging": [],
            "object_lock_configuration": [],
            "object_lock_enabled": false,
            "policy": "",
            "region": "us-east-1",
            "replication_configuration": [],
            "request_payer": "BucketOwner",
            "server_side_encryption_configuration": [
              {
                "rule": [
                  {
                    "apply_server_side_encryption_by_default": [
                      {
                        "kms_master_key_id": "",
                        "sse_algorithm": "AES256"
                      }
                    ],
                    "bucket_key_enabled": false
                  }
                ]
              }
            ],
            "tags": null,
            "tags_all": {},
            "timeouts": null,
            "versioning": [
              {
                "enabled": false,
                "mfa_delete": false
              }
            ],
            "website": [],
            "website_domain": null,
            "website_endpoint": null
          },
          "sensitive_attributes": [],
          "private": "eyJlMmJmYjczMC1lY2FhLTExZTYtOGY4OC0zNDM2M2JjN2M0YzAiOnsiY3JlYXRlIjoxMjAwMDAwMDAwMDAwLCJkZWxldGUiOjM2MDAwMDAwMDAwMDAsInJlYWQiOjEyMDAwMDAwMDAwMDAsInVwZGF0ZSI6MTIwMDAwMDAwMDAwMH19",
          "dependencies": [
            "data.aws_caller_identity.current"
          ]
        }
      ]
    },
    {
      "module": "module.cm-s3",
      "mode": "managed",
      "type": "aws_s3_bucket_policy",
      "name": "frontend",
      "provider": "provider[\"registry.terraform.io/hashicorp/aws\"]",
      "instances": [
        {
          "schema_version": 0,
          "attributes": {
            "bucket": "565551828419-webapp",
            "id": "565551828419-webapp",
            "policy": "{\"Statement\":[{\"Action\":\"s3:GetObject\",\"Effect\":\"Allow\",\"Principal\":{\"AWS\":\"arn:aws:iam::cloudfront:user/CloudFront Origin Access Identity E20ROKLU9G6KNM\"},\"Resource\":\"arn:aws:s3:::565551828419-webapp/*\",\"Sid\":\"CloudFront\"}],\"Version\":\"2012-10-17\"}"
          },
          "sensitive_attributes": [],
          "private": "bnVsbA==",
          "dependencies": [
            "data.aws_caller_identity.current",
            "module.cm-cloudfront.aws_cloudfront_origin_access_identity.oai",
            "module.cm-s3.aws_s3_bucket.frontend",
            "module.cm-s3.data.aws_iam_policy_document.frontend"
          ]
        }
      ]
    },
    {
      "module": "module.cm-s3",
      "mode": "managed",
      "type": "aws_s3_bucket_public_access_block",
      "name": "frontend",
      "provider": "provider[\"registry.terraform.io/hashicorp/aws\"]",
      "instances": [
        {
          "schema_version": 0,
          "attributes": {
            "block_public_acls": true,
            "block_public_policy": true,
            "bucket": "565551828419-webapp",
            "id": "565551828419-webapp",
            "ignore_public_acls": true,
            "restrict_public_buckets": true
          },
          "sensitive_attributes": [],
          "private": "bnVsbA==",
          "dependencies": [
            "data.aws_caller_identity.current",
            "module.cm-s3.aws_s3_bucket.frontend"
          ]
        }
      ]
    },
    {
      "module": "module.cm-s3",
      "mode": "managed",
      "type": "aws_s3_bucket_website_configuration",
      "name": "example-config",
      "provider": "provider[\"registry.terraform.io/hashicorp/aws\"]",
      "instances": [
        {
          "schema_version": 0,
          "attributes": {
            "bucket": "565551828419-webapp",
            "error_document": [
              {
                "key": "error.html"
              }
            ],
            "expected_bucket_owner": "",
            "id": "565551828419-webapp",
            "index_document": [
              {
                "suffix": "index.html"
              }
            ],
            "redirect_all_requests_to": [],
            "routing_rule": [],
            "routing_rules": "",
            "website_domain": "s3-website-us-east-1.amazonaws.com",
            "website_endpoint": "565551828419-webapp.s3-website-us-east-1.amazonaws.com"
          },
          "sensitive_attributes": [],
          "private": "bnVsbA==",
          "dependencies": [
            "data.aws_caller_identity.current",
            "module.cm-s3.aws_s3_bucket.frontend"
          ]
        }
      ]
    },
    {
      "module": "module.cm-s3-logging",
      "mode": "managed",
      "type": "aws_s3_bucket",
      "name": "log_bucket",
      "provider": "provider[\"registry.terraform.io/hashicorp/aws\"]",
      "instances": [
        {
          "schema_version": 0,
          "attributes": {
            "acceleration_status": "",
            "acl": null,
            "arn": "arn:aws:s3:::565551828419-webapp-logging",
            "bucket": "565551828419-webapp-logging",
            "bucket_domain_name": "565551828419-webapp-logging.s3.amazonaws.com",
            "bucket_prefix": null,
            "bucket_regional_domain_name": "565551828419-webapp-logging.s3.amazonaws.com",
            "cors_rule": [],
            "force_destroy": false,
            "grant": [
              {
                "id": "85c0612cfa65c7736e2670d7f3141bc30833d2de69690c7c7a2b07771d26194d",
                "permissions": [
                  "FULL_CONTROL"
                ],
                "type": "CanonicalUser",
                "uri": ""
              }
            ],
            "hosted_zone_id": "Z3AQBSTGFYJSTF",
            "id": "565551828419-webapp-logging",
            "lifecycle_rule": [],
            "logging": [],
            "object_lock_configuration": [],
            "object_lock_enabled": false,
            "policy": "",
            "region": "us-east-1",
            "replication_configuration": [],
            "request_payer": "BucketOwner",
            "server_side_encryption_configuration": [
              {
                "rule": [
                  {
                    "apply_server_side_encryption_by_default": [
                      {
                        "kms_master_key_id": "",
                        "sse_algorithm": "AES256"
                      }
                    ],
                    "bucket_key_enabled": false
                  }
                ]
              }
            ],
            "tags": null,
            "tags_all": {},
            "timeouts": null,
            "versioning": [
              {
                "enabled": false,
                "mfa_delete": false
              }
            ],
            "website": [],
            "website_domain": null,
            "website_endpoint": null
          },
          "sensitive_attributes": [],
          "private": "eyJlMmJmYjczMC1lY2FhLTExZTYtOGY4OC0zNDM2M2JjN2M0YzAiOnsiY3JlYXRlIjoxMjAwMDAwMDAwMDAwLCJkZWxldGUiOjM2MDAwMDAwMDAwMDAsInJlYWQiOjEyMDAwMDAwMDAwMDAsInVwZGF0ZSI6MTIwMDAwMDAwMDAwMH19",
          "dependencies": [
            "data.aws_caller_identity.current"
          ]
        }
      ]
    },
    {
      "module": "module.cm-s3-logging",
      "mode": "managed",
      "type": "aws_s3_bucket_acl",
      "name": "log_bucket_acl",
      "provider": "provider[\"registry.terraform.io/hashicorp/aws\"]",
      "instances": [
        {
          "schema_version": 0,
          "attributes": {
            "access_control_policy": [
              {
                "grant": [
                  {
                    "grantee": [
                      {
                        "display_name": "smlozano",
                        "email_address": "",
                        "id": "85c0612cfa65c7736e2670d7f3141bc30833d2de69690c7c7a2b07771d26194d",
                        "type": "CanonicalUser",
                        "uri": ""
                      }
                    ],
                    "permission": "FULL_CONTROL"
                  }
                ],
                "owner": [
                  {
                    "display_name": "smlozano",
                    "id": "85c0612cfa65c7736e2670d7f3141bc30833d2de69690c7c7a2b07771d26194d"
                  }
                ]
              }
            ],
            "acl": "private",
            "bucket": "565551828419-webapp-logging",
            "expected_bucket_owner": "",
            "id": "565551828419-webapp-logging,private"
          },
          "sensitive_attributes": [],
          "private": "bnVsbA==",
          "dependencies": [
            "data.aws_caller_identity.current",
            "module.cm-s3-logging.aws_s3_bucket.log_bucket"
          ]
        }
      ]
    },
    {
      "module": "module.cm-s3-logging",
      "mode": "managed",
      "type": "aws_s3_bucket_logging",
      "name": "logging",
      "provider": "provider[\"registry.terraform.io/hashicorp/aws\"]",
      "instances": [
        {
          "schema_version": 0,
          "attributes": {
            "bucket": "565551828419-webapp",
            "expected_bucket_owner": "",
            "id": "565551828419-webapp",
            "target_bucket": "565551828419-webapp-logging",
            "target_grant": [],
            "target_prefix": "log/"
          },
          "sensitive_attributes": [],
          "private": "bnVsbA==",
          "dependencies": [
            "data.aws_caller_identity.current",
            "module.cm-s3-logging.aws_s3_bucket.log_bucket",
            "module.cm-s3.aws_s3_bucket.frontend"
          ]
        }
      ]
    },
    {
      "module": "module.cm-s3-logging",
      "mode": "managed",
      "type": "aws_s3_bucket_public_access_block",
      "name": "log_bucket",
      "provider": "provider[\"registry.terraform.io/hashicorp/aws\"]",
      "instances": [
        {
          "schema_version": 0,
          "attributes": {
            "block_public_acls": true,
            "block_public_policy": true,
            "bucket": "565551828419-webapp-logging",
            "id": "565551828419-webapp-logging",
            "ignore_public_acls": true,
            "restrict_public_buckets": true
          },
          "sensitive_attributes": [],
          "private": "bnVsbA==",
          "dependencies": [
            "data.aws_caller_identity.current",
            "module.cm-s3-logging.aws_s3_bucket.log_bucket"
          ]
        }
      ]
    }
  ],
  "check_results": null
}
